
Microsoft Visual Studio Solution File, Format Version 12.00
# Visual Studio Version 16
VisualStudioVersion = 16.0.31727.386
MinimumVisualStudioVersion = 10.0.40219.1
Project("{FAE04EC0-301F-11D3-BF4B-00C04F79EFBC}") = "FirstWCFService_131", "FirstWCFService_131\FirstWCFService_131.csproj", "{3BD57F2B-1237-48DB-B7B9-370BC95ACD13}"
EndProject
Global
	GlobalSection(SolutionConfigurationPlatforms) = preSolution
		Debug|Any CPU = Debug|Any CPU
		Release|Any CPU = Release|Any CPU
	EndGlobalSection
	GlobalSection(ProjectConfigurationPlatforms) = postSolution
		{3BD57F2B-1237-48DB-B7B9-370BC95ACD13}.Debug|Any CPU.ActiveCfg = Debug|Any CPU
		{3BD57F2B-1237-48DB-B7B9-370BC95ACD13}.Debug|Any CPU.Build.0 = Debug|Any CPU
		{3BD57F2B-1237-48DB-B7B9-370BC95ACD13}.Release|Any CPU.ActiveCfg = Release|Any CPU
		{3BD57F2B-1237-48DB-B7B9-370BC95ACD13}.Release|Any CPU.Build.0 = Release|Any CPU
	EndGlobalSection
	GlobalSection(SolutionProperties) = preSolution
		HideSolutionNode = FALSE
	EndGlobalSection
	GlobalSection(ExtensibilityGlobals) = postSolution
		SolutionGuid = {AE372120-CD78-4C30-B580-91948741C541}
	EndGlobalSection
EndGlobal
